// !$*UTF8*$!
{
	archiveVersion = 1;
	classes = {
	};
	objectVersion = 56;
	objects = {

/* Begin PBXBuildFile section */
		57071C762B90952F00425D68 /* BottomSheetPresenter.swift in Sources */ = {isa = PBXBuildFile; fileRef = 57071C752B90952F00425D68 /* BottomSheetPresenter.swift */; };
		57071C7B2B90A1CD00425D68 /* ClosuresTypealiases.swift in Sources */ = {isa = PBXBuildFile; fileRef = 57071C7A2B90A1CD00425D68 /* ClosuresTypealiases.swift */; };
		5722C3062B8DBDDB00ED2AD2 /* BaseCoordinator.swift in Sources */ = {isa = PBXBuildFile; fileRef = 5722C3052B8DBDDB00ED2AD2 /* BaseCoordinator.swift */; };
		5722C3082B8DBDEF00ED2AD2 /* AppCoordinator.swift in Sources */ = {isa = PBXBuildFile; fileRef = 5722C3072B8DBDEF00ED2AD2 /* AppCoordinator.swift */; };
		5722C30A2B8DBE0400ED2AD2 /* AuthCoordinator.swift in Sources */ = {isa = PBXBuildFile; fileRef = 5722C3092B8DBE0400ED2AD2 /* AuthCoordinator.swift */; };
		5722C30C2B8DBE1B00ED2AD2 /* RecipeCoordinator.swift in Sources */ = {isa = PBXBuildFile; fileRef = 5722C30B2B8DBE1B00ED2AD2 /* RecipeCoordinator.swift */; };
		5722C30E2B8DBE8900ED2AD2 /* ProfileCoordinator.swift in Sources */ = {isa = PBXBuildFile; fileRef = 5722C30D2B8DBE8900ED2AD2 /* ProfileCoordinator.swift */; };
		5722C3102B8DBED000ED2AD2 /* MainTabBarViewController.swift in Sources */ = {isa = PBXBuildFile; fileRef = 5722C30F2B8DBED000ED2AD2 /* MainTabBarViewController.swift */; };
		5722C3122B8DBF0B00ED2AD2 /* AuthViewController.swift in Sources */ = {isa = PBXBuildFile; fileRef = 5722C3112B8DBF0B00ED2AD2 /* AuthViewController.swift */; };
		5722C3142B8DBF2A00ED2AD2 /* RecipeViewController.swift in Sources */ = {isa = PBXBuildFile; fileRef = 5722C3132B8DBF2A00ED2AD2 /* RecipeViewController.swift */; };
		5722C3162B8DBF4D00ED2AD2 /* ProfileViewController.swift in Sources */ = {isa = PBXBuildFile; fileRef = 5722C3152B8DBF4D00ED2AD2 /* ProfileViewController.swift */; };
		5722C3182B8DD27100ED2AD2 /* FavoritesViewController.swift in Sources */ = {isa = PBXBuildFile; fileRef = 5722C3172B8DD27100ED2AD2 /* FavoritesViewController.swift */; };
		5722C31A2B8DD28F00ED2AD2 /* FavoritesCoordinator.swift in Sources */ = {isa = PBXBuildFile; fileRef = 5722C3192B8DD28F00ED2AD2 /* FavoritesCoordinator.swift */; };
		5733135C2B73215B00092647 /* AppDelegate.swift in Sources */ = {isa = PBXBuildFile; fileRef = 5733135B2B73215B00092647 /* AppDelegate.swift */; };
		5733135E2B73215B00092647 /* SceneDelegate.swift in Sources */ = {isa = PBXBuildFile; fileRef = 5733135D2B73215B00092647 /* SceneDelegate.swift */; };
		573313632B73215B00092647 /* Main.storyboard in Resources */ = {isa = PBXBuildFile; fileRef = 573313612B73215B00092647 /* Main.storyboard */; };
		573313652B73215C00092647 /* Assets.xcassets in Resources */ = {isa = PBXBuildFile; fileRef = 573313642B73215C00092647 /* Assets.xcassets */; };
		573313682B73215C00092647 /* LaunchScreen.storyboard in Resources */ = {isa = PBXBuildFile; fileRef = 573313662B73215C00092647 /* LaunchScreen.storyboard */; };
		5744196C2B91A90300A8A41F /* RecipeCategory.swift in Sources */ = {isa = PBXBuildFile; fileRef = 5744196B2B91A90300A8A41F /* RecipeCategory.swift */; };
		574419712B91A95B00A8A41F /* CategotyCollectionViewCell.swift in Sources */ = {isa = PBXBuildFile; fileRef = 574419702B91A95B00A8A41F /* CategotyCollectionViewCell.swift */; };
		574419742B92646500A8A41F /* RecipeDetailsViewController.swift in Sources */ = {isa = PBXBuildFile; fileRef = 574419732B92646500A8A41F /* RecipeDetailsViewController.swift */; };
		574419762B92647400A8A41F /* RecipeDetailsPresentor.swift in Sources */ = {isa = PBXBuildFile; fileRef = 574419752B92647400A8A41F /* RecipeDetailsPresentor.swift */; };
		574419782B92648000A8A41F /* Recipe.swift in Sources */ = {isa = PBXBuildFile; fileRef = 574419772B92648000A8A41F /* Recipe.swift */; };
		5744197D2B92752800A8A41F /* ImageTableViewCell.swift in Sources */ = {isa = PBXBuildFile; fileRef = 5744197C2B92752800A8A41F /* ImageTableViewCell.swift */; };
		5744197F2B92754D00A8A41F /* CaloriesTableViewCell.swift in Sources */ = {isa = PBXBuildFile; fileRef = 5744197E2B92754D00A8A41F /* CaloriesTableViewCell.swift */; };
		574419812B92756D00A8A41F /* RecipeDescriptionTableViewCell.swift in Sources */ = {isa = PBXBuildFile; fileRef = 574419802B92756D00A8A41F /* RecipeDescriptionTableViewCell.swift */; };
		574419EF2B96AB8100A8A41F /* TermsAndPolicyView.swift in Sources */ = {isa = PBXBuildFile; fileRef = 574419EE2B96AB8100A8A41F /* TermsAndPolicyView.swift */; };
		574419F12B96AD5000A8A41F /* TermsAndPolicyPresenter.swift in Sources */ = {isa = PBXBuildFile; fileRef = 574419F02B96AD5000A8A41F /* TermsAndPolicyPresenter.swift */; };
		574419F42B97E46B00A8A41F /* Fonts.swift in Sources */ = {isa = PBXBuildFile; fileRef = 574419F32B97E46B00A8A41F /* Fonts.swift */; };
		574419F62B97E47300A8A41F /* Colors.swift in Sources */ = {isa = PBXBuildFile; fileRef = 574419F52B97E47300A8A41F /* Colors.swift */; };
		57441A1E2B982B9E00A8A41F /* ShimmerRecipesCell.swift in Sources */ = {isa = PBXBuildFile; fileRef = 57441A1D2B982B9D00A8A41F /* ShimmerRecipesCell.swift */; };
		57441A202B982BF800A8A41F /* ShimmerLoadable.swift in Sources */ = {isa = PBXBuildFile; fileRef = 57441A1F2B982BF800A8A41F /* ShimmerLoadable.swift */; };
		57441A262B98706000A8A41F /* StateShimmer.swift in Sources */ = {isa = PBXBuildFile; fileRef = 57441A252B98706000A8A41F /* StateShimmer.swift */; };
		57441A822B9AE7EE00A8A41F /* ProfileMemento.swift in Sources */ = {isa = PBXBuildFile; fileRef = 57441A812B9AE7EE00A8A41F /* ProfileMemento.swift */; };
		57F4EBB92B8F270B00ADA7AA /* ProfileTableViewCell.swift in Sources */ = {isa = PBXBuildFile; fileRef = 57F4EBB82B8F270B00ADA7AA /* ProfileTableViewCell.swift */; };
		57F4EBBB2B8F272100ADA7AA /* ButtonTableViewCell.swift in Sources */ = {isa = PBXBuildFile; fileRef = 57F4EBBA2B8F272100ADA7AA /* ButtonTableViewCell.swift */; };
		57F4EBBD2B8F273500ADA7AA /* ProfileButton.swift in Sources */ = {isa = PBXBuildFile; fileRef = 57F4EBBC2B8F273500ADA7AA /* ProfileButton.swift */; };
		57F4EBBF2B8F275500ADA7AA /* BottomSheetViewController.swift in Sources */ = {isa = PBXBuildFile; fileRef = 57F4EBBE2B8F275500ADA7AA /* BottomSheetViewController.swift */; };
		57F4EBEB2B8FDF8100ADA7AA /* ProfilePresenter.swift in Sources */ = {isa = PBXBuildFile; fileRef = 57F4EBEA2B8FDF8100ADA7AA /* ProfilePresenter.swift */; };
		57F4EBED2B8FE18500ADA7AA /* AppBuilder.swift in Sources */ = {isa = PBXBuildFile; fileRef = 57F4EBEC2B8FE18500ADA7AA /* AppBuilder.swift */; };
		57F4EBEF2B8FEFEF00ADA7AA /* ProfileInfo.swift in Sources */ = {isa = PBXBuildFile; fileRef = 57F4EBEE2B8FEFEF00ADA7AA /* ProfileInfo.swift */; };
		57F4EBF52B902D1300ADA7AA /* RecipePresenter.swift in Sources */ = {isa = PBXBuildFile; fileRef = 57F4EBF42B902D1300ADA7AA /* RecipePresenter.swift */; };
		57F4EBF82B902DAA00ADA7AA /* FavoritesPresenter.swift in Sources */ = {isa = PBXBuildFile; fileRef = 57F4EBF72B902DAA00ADA7AA /* FavoritesPresenter.swift */; };
		DA3F29542B951D360004CFAE /* Recipes.swift in Sources */ = {isa = PBXBuildFile; fileRef = DA3F29532B951D360004CFAE /* Recipes.swift */; };
		DA3F29562B951D4A0004CFAE /* Category.swift in Sources */ = {isa = PBXBuildFile; fileRef = DA3F29552B951D4A0004CFAE /* Category.swift */; };
		DA3F29582B951D650004CFAE /* Storage.swift in Sources */ = {isa = PBXBuildFile; fileRef = DA3F29572B951D650004CFAE /* Storage.swift */; };
		DA3F295A2B951D840004CFAE /* RecipesListViewController.swift in Sources */ = {isa = PBXBuildFile; fileRef = DA3F29592B951D840004CFAE /* RecipesListViewController.swift */; };
		DA3F295C2B951DB60004CFAE /* RecipesCell.swift in Sources */ = {isa = PBXBuildFile; fileRef = DA3F295B2B951DB60004CFAE /* RecipesCell.swift */; };
		DA3F295E2B951DD00004CFAE /* AllRecipesPresenter.swift in Sources */ = {isa = PBXBuildFile; fileRef = DA3F295D2B951DD00004CFAE /* AllRecipesPresenter.swift */; };
		DA7FF19C2B9AD85A006EE0A6 /* Command.swift in Sources */ = {isa = PBXBuildFile; fileRef = DA7FF19B2B9AD85A006EE0A6 /* Command.swift */; };
		DA7FF19E2B9ADBD1006EE0A6 /* Receiver.swift in Sources */ = {isa = PBXBuildFile; fileRef = DA7FF19D2B9ADBD1006EE0A6 /* Receiver.swift */; };
		DA7FF1A02B9ADC13006EE0A6 /* Invoker.swift in Sources */ = {isa = PBXBuildFile; fileRef = DA7FF19F2B9ADC13006EE0A6 /* Invoker.swift */; };
		DA7FF1A62B9BEC49006EE0A6 /* UserDefaultsWrapper.swift in Sources */ = {isa = PBXBuildFile; fileRef = DA7FF1A52B9BEC49006EE0A6 /* UserDefaultsWrapper.swift */; };
		DA98ACF42B98465400125CBD /* Sort.swift in Sources */ = {isa = PBXBuildFile; fileRef = DA98ACF32B98465400125CBD /* Sort.swift */; };
		DAAC3F872B8F183200D3B08D /* AuthPresenter.swift in Sources */ = {isa = PBXBuildFile; fileRef = DAAC3F862B8F183200D3B08D /* AuthPresenter.swift */; };
/* End PBXBuildFile section */

/* Begin PBXFileReference section */
		57071C752B90952F00425D68 /* BottomSheetPresenter.swift */ = {isa = PBXFileReference; lastKnownFileType = sourcecode.swift; path = BottomSheetPresenter.swift; sourceTree = "<group>"; };
		57071C7A2B90A1CD00425D68 /* ClosuresTypealiases.swift */ = {isa = PBXFileReference; lastKnownFileType = sourcecode.swift; path = ClosuresTypealiases.swift; sourceTree = "<group>"; };
		5722C3052B8DBDDB00ED2AD2 /* BaseCoordinator.swift */ = {isa = PBXFileReference; lastKnownFileType = sourcecode.swift; path = BaseCoordinator.swift; sourceTree = "<group>"; };
		5722C3072B8DBDEF00ED2AD2 /* AppCoordinator.swift */ = {isa = PBXFileReference; lastKnownFileType = sourcecode.swift; path = AppCoordinator.swift; sourceTree = "<group>"; };
		5722C3092B8DBE0400ED2AD2 /* AuthCoordinator.swift */ = {isa = PBXFileReference; lastKnownFileType = sourcecode.swift; path = AuthCoordinator.swift; sourceTree = "<group>"; };
		5722C30B2B8DBE1B00ED2AD2 /* RecipeCoordinator.swift */ = {isa = PBXFileReference; lastKnownFileType = sourcecode.swift; path = RecipeCoordinator.swift; sourceTree = "<group>"; };
		5722C30D2B8DBE8900ED2AD2 /* ProfileCoordinator.swift */ = {isa = PBXFileReference; lastKnownFileType = sourcecode.swift; path = ProfileCoordinator.swift; sourceTree = "<group>"; };
		5722C30F2B8DBED000ED2AD2 /* MainTabBarViewController.swift */ = {isa = PBXFileReference; lastKnownFileType = sourcecode.swift; path = MainTabBarViewController.swift; sourceTree = "<group>"; };
		5722C3112B8DBF0B00ED2AD2 /* AuthViewController.swift */ = {isa = PBXFileReference; lastKnownFileType = sourcecode.swift; path = AuthViewController.swift; sourceTree = "<group>"; };
		5722C3132B8DBF2A00ED2AD2 /* RecipeViewController.swift */ = {isa = PBXFileReference; lastKnownFileType = sourcecode.swift; path = RecipeViewController.swift; sourceTree = "<group>"; };
		5722C3152B8DBF4D00ED2AD2 /* ProfileViewController.swift */ = {isa = PBXFileReference; lastKnownFileType = sourcecode.swift; path = ProfileViewController.swift; sourceTree = "<group>"; };
		5722C3172B8DD27100ED2AD2 /* FavoritesViewController.swift */ = {isa = PBXFileReference; lastKnownFileType = sourcecode.swift; path = FavoritesViewController.swift; sourceTree = "<group>"; };
		5722C3192B8DD28F00ED2AD2 /* FavoritesCoordinator.swift */ = {isa = PBXFileReference; lastKnownFileType = sourcecode.swift; path = FavoritesCoordinator.swift; sourceTree = "<group>"; };
		573313582B73215B00092647 /* Recipes.app */ = {isa = PBXFileReference; explicitFileType = wrapper.application; includeInIndex = 0; path = Recipes.app; sourceTree = BUILT_PRODUCTS_DIR; };
		5733135B2B73215B00092647 /* AppDelegate.swift */ = {isa = PBXFileReference; lastKnownFileType = sourcecode.swift; path = AppDelegate.swift; sourceTree = "<group>"; };
		5733135D2B73215B00092647 /* SceneDelegate.swift */ = {isa = PBXFileReference; lastKnownFileType = sourcecode.swift; path = SceneDelegate.swift; sourceTree = "<group>"; };
		573313622B73215B00092647 /* Base */ = {isa = PBXFileReference; lastKnownFileType = file.storyboard; name = Base; path = Base.lproj/Main.storyboard; sourceTree = "<group>"; };
		573313642B73215C00092647 /* Assets.xcassets */ = {isa = PBXFileReference; lastKnownFileType = folder.assetcatalog; path = Assets.xcassets; sourceTree = "<group>"; };
		573313672B73215C00092647 /* Base */ = {isa = PBXFileReference; lastKnownFileType = file.storyboard; name = Base; path = Base.lproj/LaunchScreen.storyboard; sourceTree = "<group>"; };
		573313692B73215C00092647 /* Info.plist */ = {isa = PBXFileReference; lastKnownFileType = text.plist.xml; path = Info.plist; sourceTree = "<group>"; };
		5744196B2B91A90300A8A41F /* RecipeCategory.swift */ = {isa = PBXFileReference; lastKnownFileType = sourcecode.swift; path = RecipeCategory.swift; sourceTree = "<group>"; };
		574419702B91A95B00A8A41F /* CategotyCollectionViewCell.swift */ = {isa = PBXFileReference; lastKnownFileType = sourcecode.swift; path = CategotyCollectionViewCell.swift; sourceTree = "<group>"; };
		574419732B92646500A8A41F /* RecipeDetailsViewController.swift */ = {isa = PBXFileReference; lastKnownFileType = sourcecode.swift; path = RecipeDetailsViewController.swift; sourceTree = "<group>"; };
		574419752B92647400A8A41F /* RecipeDetailsPresentor.swift */ = {isa = PBXFileReference; lastKnownFileType = sourcecode.swift; path = RecipeDetailsPresentor.swift; sourceTree = "<group>"; };
		574419772B92648000A8A41F /* Recipe.swift */ = {isa = PBXFileReference; lastKnownFileType = sourcecode.swift; path = Recipe.swift; sourceTree = "<group>"; };
		5744197C2B92752800A8A41F /* ImageTableViewCell.swift */ = {isa = PBXFileReference; lastKnownFileType = sourcecode.swift; path = ImageTableViewCell.swift; sourceTree = "<group>"; };
		5744197E2B92754D00A8A41F /* CaloriesTableViewCell.swift */ = {isa = PBXFileReference; lastKnownFileType = sourcecode.swift; path = CaloriesTableViewCell.swift; sourceTree = "<group>"; };
		574419802B92756D00A8A41F /* RecipeDescriptionTableViewCell.swift */ = {isa = PBXFileReference; lastKnownFileType = sourcecode.swift; path = RecipeDescriptionTableViewCell.swift; sourceTree = "<group>"; };
		574419EE2B96AB8100A8A41F /* TermsAndPolicyView.swift */ = {isa = PBXFileReference; lastKnownFileType = sourcecode.swift; path = TermsAndPolicyView.swift; sourceTree = "<group>"; };
		574419F02B96AD5000A8A41F /* TermsAndPolicyPresenter.swift */ = {isa = PBXFileReference; lastKnownFileType = sourcecode.swift; path = TermsAndPolicyPresenter.swift; sourceTree = "<group>"; };
		574419F32B97E46B00A8A41F /* Fonts.swift */ = {isa = PBXFileReference; lastKnownFileType = sourcecode.swift; path = Fonts.swift; sourceTree = "<group>"; };
		574419F52B97E47300A8A41F /* Colors.swift */ = {isa = PBXFileReference; lastKnownFileType = sourcecode.swift; path = Colors.swift; sourceTree = "<group>"; };
		57441A1D2B982B9D00A8A41F /* ShimmerRecipesCell.swift */ = {isa = PBXFileReference; lastKnownFileType = sourcecode.swift; path = ShimmerRecipesCell.swift; sourceTree = "<group>"; };
		57441A1F2B982BF800A8A41F /* ShimmerLoadable.swift */ = {isa = PBXFileReference; lastKnownFileType = sourcecode.swift; path = ShimmerLoadable.swift; sourceTree = "<group>"; };
		57441A252B98706000A8A41F /* StateShimmer.swift */ = {isa = PBXFileReference; lastKnownFileType = sourcecode.swift; path = StateShimmer.swift; sourceTree = "<group>"; };
		57441A762B9A8CCE00A8A41F /* ProfileDataManager.swift */ = {isa = PBXFileReference; lastKnownFileType = sourcecode.swift; path = ProfileDataManager.swift; sourceTree = "<group>"; };
		57441A812B9AE7EE00A8A41F /* ProfileMemento.swift */ = {isa = PBXFileReference; lastKnownFileType = sourcecode.swift; path = ProfileMemento.swift; sourceTree = "<group>"; };
		57F4EBB82B8F270B00ADA7AA /* ProfileTableViewCell.swift */ = {isa = PBXFileReference; lastKnownFileType = sourcecode.swift; path = ProfileTableViewCell.swift; sourceTree = "<group>"; };
		57F4EBBA2B8F272100ADA7AA /* ButtonTableViewCell.swift */ = {isa = PBXFileReference; lastKnownFileType = sourcecode.swift; path = ButtonTableViewCell.swift; sourceTree = "<group>"; };
		57F4EBBC2B8F273500ADA7AA /* ProfileButton.swift */ = {isa = PBXFileReference; lastKnownFileType = sourcecode.swift; path = ProfileButton.swift; sourceTree = "<group>"; };
		57F4EBBE2B8F275500ADA7AA /* BottomSheetViewController.swift */ = {isa = PBXFileReference; lastKnownFileType = sourcecode.swift; path = BottomSheetViewController.swift; sourceTree = "<group>"; };
		57F4EBEA2B8FDF8100ADA7AA /* ProfilePresenter.swift */ = {isa = PBXFileReference; lastKnownFileType = sourcecode.swift; path = ProfilePresenter.swift; sourceTree = "<group>"; };
		57F4EBEC2B8FE18500ADA7AA /* AppBuilder.swift */ = {isa = PBXFileReference; lastKnownFileType = sourcecode.swift; path = AppBuilder.swift; sourceTree = "<group>"; };
		57F4EBEE2B8FEFEF00ADA7AA /* ProfileInfo.swift */ = {isa = PBXFileReference; lastKnownFileType = sourcecode.swift; path = ProfileInfo.swift; sourceTree = "<group>"; };
		57F4EBF42B902D1300ADA7AA /* RecipePresenter.swift */ = {isa = PBXFileReference; lastKnownFileType = sourcecode.swift; path = RecipePresenter.swift; sourceTree = "<group>"; };
		57F4EBF72B902DAA00ADA7AA /* FavoritesPresenter.swift */ = {isa = PBXFileReference; lastKnownFileType = sourcecode.swift; path = FavoritesPresenter.swift; sourceTree = "<group>"; };
		DA3F29532B951D360004CFAE /* Recipes.swift */ = {isa = PBXFileReference; lastKnownFileType = sourcecode.swift; path = Recipes.swift; sourceTree = "<group>"; };
		DA3F29552B951D4A0004CFAE /* Category.swift */ = {isa = PBXFileReference; lastKnownFileType = sourcecode.swift; path = Category.swift; sourceTree = "<group>"; };
		DA3F29572B951D650004CFAE /* Storage.swift */ = {isa = PBXFileReference; lastKnownFileType = sourcecode.swift; path = Storage.swift; sourceTree = "<group>"; };
		DA3F29592B951D840004CFAE /* RecipesListViewController.swift */ = {isa = PBXFileReference; lastKnownFileType = sourcecode.swift; path = RecipesListViewController.swift; sourceTree = "<group>"; };
		DA3F295B2B951DB60004CFAE /* RecipesCell.swift */ = {isa = PBXFileReference; lastKnownFileType = sourcecode.swift; path = RecipesCell.swift; sourceTree = "<group>"; };
		DA3F295D2B951DD00004CFAE /* AllRecipesPresenter.swift */ = {isa = PBXFileReference; lastKnownFileType = sourcecode.swift; path = AllRecipesPresenter.swift; sourceTree = "<group>"; };
		DA7FF19B2B9AD85A006EE0A6 /* Command.swift */ = {isa = PBXFileReference; lastKnownFileType = sourcecode.swift; path = Command.swift; sourceTree = "<group>"; };
		DA7FF19D2B9ADBD1006EE0A6 /* Receiver.swift */ = {isa = PBXFileReference; lastKnownFileType = sourcecode.swift; path = Receiver.swift; sourceTree = "<group>"; };
		DA7FF19F2B9ADC13006EE0A6 /* Invoker.swift */ = {isa = PBXFileReference; lastKnownFileType = sourcecode.swift; path = Invoker.swift; sourceTree = "<group>"; };
		DA7FF1A52B9BEC49006EE0A6 /* UserDefaultsWrapper.swift */ = {isa = PBXFileReference; lastKnownFileType = sourcecode.swift; path = UserDefaultsWrapper.swift; sourceTree = "<group>"; };
		DA98ACF32B98465400125CBD /* Sort.swift */ = {isa = PBXFileReference; lastKnownFileType = sourcecode.swift; path = Sort.swift; sourceTree = "<group>"; };
		DAAC3F862B8F183200D3B08D /* AuthPresenter.swift */ = {isa = PBXFileReference; lastKnownFileType = sourcecode.swift; path = AuthPresenter.swift; sourceTree = "<group>"; };
/* End PBXFileReference section */

/* Begin PBXFrameworksBuildPhase section */
		573313552B73215B00092647 /* Frameworks */ = {
			isa = PBXFrameworksBuildPhase;
			buildActionMask = 2147483647;
			files = (
			);
			runOnlyForDeploymentPostprocessing = 0;
		};
/* End PBXFrameworksBuildPhase section */

/* Begin PBXGroup section */
		57071C772B909D9900425D68 /* Model */ = {
			isa = PBXGroup;
			children = (
				57F4EBBC2B8F273500ADA7AA /* ProfileButton.swift */,
				57F4EBEE2B8FEFEF00ADA7AA /* ProfileInfo.swift */,
			);
			name = Model;
			sourceTree = "<group>";
		};
		57071C782B909DAE00425D68 /* View */ = {
			isa = PBXGroup;
			children = (
				5722C3152B8DBF4D00ED2AD2 /* ProfileViewController.swift */,
				57F4EBBE2B8F275500ADA7AA /* BottomSheetViewController.swift */,
				574419EE2B96AB8100A8A41F /* TermsAndPolicyView.swift */,
			);
			name = View;
			sourceTree = "<group>";
		};
		57071C792B909DD000425D68 /* Presentor */ = {
			isa = PBXGroup;
			children = (
				57F4EBEA2B8FDF8100ADA7AA /* ProfilePresenter.swift */,
				57071C752B90952F00425D68 /* BottomSheetPresenter.swift */,
				574419F02B96AD5000A8A41F /* TermsAndPolicyPresenter.swift */,
			);
			name = Presentor;
			sourceTree = "<group>";
		};
		5722C3042B8DBDBD00ED2AD2 /* Coordinators */ = {
			isa = PBXGroup;
			children = (
				5722C3052B8DBDDB00ED2AD2 /* BaseCoordinator.swift */,
				5722C3072B8DBDEF00ED2AD2 /* AppCoordinator.swift */,
				57F4EBEC2B8FE18500ADA7AA /* AppBuilder.swift */,
				5722C3092B8DBE0400ED2AD2 /* AuthCoordinator.swift */,
				5722C30B2B8DBE1B00ED2AD2 /* RecipeCoordinator.swift */,
				5722C3192B8DD28F00ED2AD2 /* FavoritesCoordinator.swift */,
				5722C30D2B8DBE8900ED2AD2 /* ProfileCoordinator.swift */,
			);
			path = Coordinators;
			sourceTree = "<group>";
		};
		5733134F2B73215B00092647 = {
			isa = PBXGroup;
			children = (
				5733135A2B73215B00092647 /* Recipes */,
				573313592B73215B00092647 /* Products */,
			);
			sourceTree = "<group>";
		};
		573313592B73215B00092647 /* Products */ = {
			isa = PBXGroup;
			children = (
				573313582B73215B00092647 /* Recipes.app */,
			);
			name = Products;
			sourceTree = "<group>";
		};
		5733135A2B73215B00092647 /* Recipes */ = {
			isa = PBXGroup;
			children = (
				DA7FF19A2B9AD81F006EE0A6 /* Analitics */,
				5733135B2B73215B00092647 /* AppDelegate.swift */,
				5733135D2B73215B00092647 /* SceneDelegate.swift */,
				5722C30F2B8DBED000ED2AD2 /* MainTabBarViewController.swift */,
				57441A752B9A8CB900A8A41F /* UserDefaultsManager */,
				574419F22B97E43D00A8A41F /* Supporting Files */,
				DA0B3D692B8E041A00F7DE48 /* Auth Screen */,
				57F4EBF32B902CEE00ADA7AA /* Recipe Screen */,
				574419722B92644300A8A41F /* Recipe Detail Screen */,
				DA3F294F2B948EF40004CFAE /* All Recipes */,
				57F4EBF62B902D8C00ADA7AA /* Favorites Screen */,
				57F4EBB72B8F26DD00ADA7AA /* Profile Screen */,
				5722C3042B8DBDBD00ED2AD2 /* Coordinators */,
				573313612B73215B00092647 /* Main.storyboard */,
				573313642B73215C00092647 /* Assets.xcassets */,
				573313662B73215C00092647 /* LaunchScreen.storyboard */,
				573313692B73215C00092647 /* Info.plist */,
			);
			path = Recipes;
			sourceTree = "<group>";
		};
		5744196D2B91A91700A8A41F /* Model */ = {
			isa = PBXGroup;
			children = (
				5744196B2B91A90300A8A41F /* RecipeCategory.swift */,
			);
			name = Model;
			sourceTree = "<group>";
		};
		5744196E2B91A92700A8A41F /* View */ = {
			isa = PBXGroup;
			children = (
				5722C3132B8DBF2A00ED2AD2 /* RecipeViewController.swift */,
			);
			name = View;
			sourceTree = "<group>";
		};
		5744196F2B91A92F00A8A41F /* Presenter */ = {
			isa = PBXGroup;
			children = (
				57F4EBF42B902D1300ADA7AA /* RecipePresenter.swift */,
			);
			name = Presenter;
			sourceTree = "<group>";
		};
		574419722B92644300A8A41F /* Recipe Detail Screen */ = {
			isa = PBXGroup;
			children = (
				5744197B2B9274E300A8A41F /* Cells */,
				574419732B92646500A8A41F /* RecipeDetailsViewController.swift */,
				574419752B92647400A8A41F /* RecipeDetailsPresentor.swift */,
				574419772B92648000A8A41F /* Recipe.swift */,
			);
			path = "Recipe Detail Screen";
			sourceTree = "<group>";
		};
		5744197B2B9274E300A8A41F /* Cells */ = {
			isa = PBXGroup;
			children = (
				5744197C2B92752800A8A41F /* ImageTableViewCell.swift */,
				5744197E2B92754D00A8A41F /* CaloriesTableViewCell.swift */,
				574419802B92756D00A8A41F /* RecipeDescriptionTableViewCell.swift */,
			);
			path = Cells;
			sourceTree = "<group>";
		};
		574419F22B97E43D00A8A41F /* Supporting Files */ = {
			isa = PBXGroup;
			children = (
				57071C7A2B90A1CD00425D68 /* ClosuresTypealiases.swift */,
				57441A1F2B982BF800A8A41F /* ShimmerLoadable.swift */,
				574419F32B97E46B00A8A41F /* Fonts.swift */,
				574419F52B97E47300A8A41F /* Colors.swift */,
				57441A252B98706000A8A41F /* StateShimmer.swift */,
			);
			path = "Supporting Files";
			sourceTree = "<group>";
		};
		57441A752B9A8CB900A8A41F /* UserDefaultsManager */ = {
			isa = PBXGroup;
			children = (
				57441A762B9A8CCE00A8A41F /* ProfileDataManager.swift */,
				57441A812B9AE7EE00A8A41F /* ProfileMemento.swift */,
				DA7FF1A52B9BEC49006EE0A6 /* UserDefaultsWrapper.swift */,
			);
			path = UserDefaultsManager;
			sourceTree = "<group>";
		};
		57F4EBB72B8F26DD00ADA7AA /* Profile Screen */ = {
			isa = PBXGroup;
			children = (
				57071C772B909D9900425D68 /* Model */,
				57071C782B909DAE00425D68 /* View */,
				57071C792B909DD000425D68 /* Presentor */,
				57F4EBF02B8FFD2600ADA7AA /* Cells */,
			);
			path = "Profile Screen";
			sourceTree = "<group>";
		};
		57F4EBF02B8FFD2600ADA7AA /* Cells */ = {
			isa = PBXGroup;
			children = (
				57F4EBB82B8F270B00ADA7AA /* ProfileTableViewCell.swift */,
				57F4EBBA2B8F272100ADA7AA /* ButtonTableViewCell.swift */,
			);
			name = Cells;
			sourceTree = "<group>";
		};
		57F4EBF32B902CEE00ADA7AA /* Recipe Screen */ = {
			isa = PBXGroup;
			children = (
				5744196D2B91A91700A8A41F /* Model */,
				5744196E2B91A92700A8A41F /* View */,
				5744196F2B91A92F00A8A41F /* Presenter */,
				574419702B91A95B00A8A41F /* CategotyCollectionViewCell.swift */,
			);
			path = "Recipe Screen";
			sourceTree = "<group>";
		};
		57F4EBF62B902D8C00ADA7AA /* Favorites Screen */ = {
			isa = PBXGroup;
			children = (
				5722C3172B8DD27100ED2AD2 /* FavoritesViewController.swift */,
				57F4EBF72B902DAA00ADA7AA /* FavoritesPresenter.swift */,
			);
			path = "Favorites Screen";
			sourceTree = "<group>";
		};
		DA0B3D692B8E041A00F7DE48 /* Auth Screen */ = {
			isa = PBXGroup;
			children = (
				5722C3112B8DBF0B00ED2AD2 /* AuthViewController.swift */,
				DAAC3F862B8F183200D3B08D /* AuthPresenter.swift */,
			);
			path = "Auth Screen";
			sourceTree = "<group>";
		};
		DA3F294F2B948EF40004CFAE /* All Recipes */ = {
			isa = PBXGroup;
			children = (
				DA3F29522B951D080004CFAE /* Model */,
				DA3F29512B951D040004CFAE /* View */,
				DA3F29502B951D010004CFAE /* Presenter */,
			);
			path = "All Recipes";
			sourceTree = "<group>";
		};
		DA3F29502B951D010004CFAE /* Presenter */ = {
			isa = PBXGroup;
			children = (
				DA3F295D2B951DD00004CFAE /* AllRecipesPresenter.swift */,
			);
			path = Presenter;
			sourceTree = "<group>";
		};
		DA3F29512B951D040004CFAE /* View */ = {
			isa = PBXGroup;
			children = (
				DA3F29592B951D840004CFAE /* RecipesListViewController.swift */,
				DA3F295B2B951DB60004CFAE /* RecipesCell.swift */,
				57441A1D2B982B9D00A8A41F /* ShimmerRecipesCell.swift */,
			);
			path = View;
			sourceTree = "<group>";
		};
		DA3F29522B951D080004CFAE /* Model */ = {
			isa = PBXGroup;
			children = (
				DA3F29532B951D360004CFAE /* Recipes.swift */,
				DA3F29552B951D4A0004CFAE /* Category.swift */,
				DA3F29572B951D650004CFAE /* Storage.swift */,
				DA98ACF32B98465400125CBD /* Sort.swift */,
			);
			path = Model;
			sourceTree = "<group>";
		};
		DA7FF19A2B9AD81F006EE0A6 /* Analitics */ = {
			isa = PBXGroup;
			children = (
				DA7FF19B2B9AD85A006EE0A6 /* Command.swift */,
				DA7FF19D2B9ADBD1006EE0A6 /* Receiver.swift */,
				DA7FF19F2B9ADC13006EE0A6 /* Invoker.swift */,
			);
			path = Analitics;
			sourceTree = "<group>";
		};
/* End PBXGroup section */

/* Begin PBXNativeTarget section */
		573313572B73215B00092647 /* Recipes */ = {
			isa = PBXNativeTarget;
			buildConfigurationList = 5733136C2B73215C00092647 /* Build configuration list for PBXNativeTarget "Recipes" */;
			buildPhases = (
				573313542B73215B00092647 /* Sources */,
				573313552B73215B00092647 /* Frameworks */,
				573313562B73215B00092647 /* Resources */,
				5733136F2B7321A300092647 /* SwiftFormat */,
				573313702B7321AC00092647 /* SwiftLint */,
			);
			buildRules = (
			);
			dependencies = (
			);
			name = Recipes;
			productName = "UIKit-Template";
			productReference = 573313582B73215B00092647 /* Recipes.app */;
			productType = "com.apple.product-type.application";
		};
/* End PBXNativeTarget section */

/* Begin PBXProject section */
		573313502B73215B00092647 /* Project object */ = {
			isa = PBXProject;
			attributes = {
				BuildIndependentTargetsInParallel = 1;
				LastSwiftUpdateCheck = 1420;
				LastUpgradeCheck = 1420;
				TargetAttributes = {
					573313572B73215B00092647 = {
						CreatedOnToolsVersion = 14.2;
					};
				};
			};
			buildConfigurationList = 573313532B73215B00092647 /* Build configuration list for PBXProject "Recipes" */;
			compatibilityVersion = "Xcode 14.0";
			developmentRegion = en;
			hasScannedForEncodings = 0;
			knownRegions = (
				en,
				Base,
			);
			mainGroup = 5733134F2B73215B00092647;
			productRefGroup = 573313592B73215B00092647 /* Products */;
			projectDirPath = "";
			projectRoot = "";
			targets = (
				573313572B73215B00092647 /* Recipes */,
			);
		};
/* End PBXProject section */

/* Begin PBXResourcesBuildPhase section */
		573313562B73215B00092647 /* Resources */ = {
			isa = PBXResourcesBuildPhase;
			buildActionMask = 2147483647;
			files = (
				573313682B73215C00092647 /* LaunchScreen.storyboard in Resources */,
				573313652B73215C00092647 /* Assets.xcassets in Resources */,
				573313632B73215B00092647 /* Main.storyboard in Resources */,
			);
			runOnlyForDeploymentPostprocessing = 0;
		};
/* End PBXResourcesBuildPhase section */

/* Begin PBXShellScriptBuildPhase section */
		5733136F2B7321A300092647 /* SwiftFormat */ = {
			isa = PBXShellScriptBuildPhase;
			alwaysOutOfDate = 1;
			buildActionMask = 2147483647;
			files = (
			);
			inputFileListPaths = (
			);
			inputPaths = (
			);
			name = SwiftFormat;
			outputFileListPaths = (
			);
			outputPaths = (
			);
			runOnlyForDeploymentPostprocessing = 0;
			shellPath = /bin/sh;
			shellScript = "
";
			showEnvVarsInLog = 0;
		};
		573313702B7321AC00092647 /* SwiftLint */ = {
			isa = PBXShellScriptBuildPhase;
			alwaysOutOfDate = 1;
			buildActionMask = 2147483647;
			files = (
			);
			inputFileListPaths = (
			);
			inputPaths = (
			);
			name = SwiftLint;
			outputFileListPaths = (
			);
			outputPaths = (
			);
			runOnlyForDeploymentPostprocessing = 0;
			shellPath = /bin/sh;
			shellScript = "
";
			showEnvVarsInLog = 0;
		};
/* End PBXShellScriptBuildPhase section */

/* Begin PBXSourcesBuildPhase section */
		573313542B73215B00092647 /* Sources */ = {
			isa = PBXSourcesBuildPhase;
			buildActionMask = 2147483647;
			files = (
				57441A202B982BF800A8A41F /* ShimmerLoadable.swift in Sources */,
				DA7FF19E2B9ADBD1006EE0A6 /* Receiver.swift in Sources */,
				5722C30E2B8DBE8900ED2AD2 /* ProfileCoordinator.swift in Sources */,
				5722C3122B8DBF0B00ED2AD2 /* AuthViewController.swift in Sources */,
				574419742B92646500A8A41F /* RecipeDetailsViewController.swift in Sources */,
				57441A262B98706000A8A41F /* StateShimmer.swift in Sources */,
				DA3F29542B951D360004CFAE /* Recipes.swift in Sources */,
				5733135C2B73215B00092647 /* AppDelegate.swift in Sources */,
				DA3F29582B951D650004CFAE /* Storage.swift in Sources */,
				5722C3102B8DBED000ED2AD2 /* MainTabBarViewController.swift in Sources */,
				DA3F295C2B951DB60004CFAE /* RecipesCell.swift in Sources */,
				DA3F29562B951D4A0004CFAE /* Category.swift in Sources */,
				5722C3142B8DBF2A00ED2AD2 /* RecipeViewController.swift in Sources */,
				DA3F295E2B951DD00004CFAE /* AllRecipesPresenter.swift in Sources */,
				574419762B92647400A8A41F /* RecipeDetailsPresentor.swift in Sources */,
				574419812B92756D00A8A41F /* RecipeDescriptionTableViewCell.swift in Sources */,
				5722C3162B8DBF4D00ED2AD2 /* ProfileViewController.swift in Sources */,
				5722C31A2B8DD28F00ED2AD2 /* FavoritesCoordinator.swift in Sources */,
				574419782B92648000A8A41F /* Recipe.swift in Sources */,
				57F4EBF52B902D1300ADA7AA /* RecipePresenter.swift in Sources */,
				5744197F2B92754D00A8A41F /* CaloriesTableViewCell.swift in Sources */,
				574419EF2B96AB8100A8A41F /* TermsAndPolicyView.swift in Sources */,
				DAAC3F872B8F183200D3B08D /* AuthPresenter.swift in Sources */,
				57F4EBBD2B8F273500ADA7AA /* ProfileButton.swift in Sources */,
				57F4EBED2B8FE18500ADA7AA /* AppBuilder.swift in Sources */,
				5722C30C2B8DBE1B00ED2AD2 /* RecipeCoordinator.swift in Sources */,
				57F4EBB92B8F270B00ADA7AA /* ProfileTableViewCell.swift in Sources */,
				57441A1E2B982B9E00A8A41F /* ShimmerRecipesCell.swift in Sources */,
				574419712B91A95B00A8A41F /* CategotyCollectionViewCell.swift in Sources */,
				5722C3082B8DBDEF00ED2AD2 /* AppCoordinator.swift in Sources */,
				574419F12B96AD5000A8A41F /* TermsAndPolicyPresenter.swift in Sources */,
				57F4EBF82B902DAA00ADA7AA /* FavoritesPresenter.swift in Sources */,
				574419F42B97E46B00A8A41F /* Fonts.swift in Sources */,
				57F4EBBF2B8F275500ADA7AA /* BottomSheetViewController.swift in Sources */,
				5733135E2B73215B00092647 /* SceneDelegate.swift in Sources */,
				574419F62B97E47300A8A41F /* Colors.swift in Sources */,
				5722C30A2B8DBE0400ED2AD2 /* AuthCoordinator.swift in Sources */,
				57441A822B9AE7EE00A8A41F /* ProfileMemento.swift in Sources */,
				57071C762B90952F00425D68 /* BottomSheetPresenter.swift in Sources */,
				DA7FF19C2B9AD85A006EE0A6 /* Command.swift in Sources */,
				DA7FF1A62B9BEC49006EE0A6 /* UserDefaultsWrapper.swift in Sources */,
				5722C3182B8DD27100ED2AD2 /* FavoritesViewController.swift in Sources */,
				5722C3062B8DBDDB00ED2AD2 /* BaseCoordinator.swift in Sources */,
				DA3F295A2B951D840004CFAE /* RecipesListViewController.swift in Sources */,
				DA98ACF42B98465400125CBD /* Sort.swift in Sources */,
				5744196C2B91A90300A8A41F /* RecipeCategory.swift in Sources */,
				DA7FF1A02B9ADC13006EE0A6 /* Invoker.swift in Sources */,
				57071C7B2B90A1CD00425D68 /* ClosuresTypealiases.swift in Sources */,
				5744197D2B92752800A8A41F /* ImageTableViewCell.swift in Sources */,
				57F4EBEF2B8FEFEF00ADA7AA /* ProfileInfo.swift in Sources */,
				57F4EBEB2B8FDF8100ADA7AA /* ProfilePresenter.swift in Sources */,
				57F4EBBB2B8F272100ADA7AA /* ButtonTableViewCell.swift in Sources */,
			);
			runOnlyForDeploymentPostprocessing = 0;
		};
/* End PBXSourcesBuildPhase section */

/* Begin PBXVariantGroup section */
		573313612B73215B00092647 /* Main.storyboard */ = {
			isa = PBXVariantGroup;
			children = (
				573313622B73215B00092647 /* Base */,
			);
			name = Main.storyboard;
			sourceTree = "<group>";
		};
		573313662B73215C00092647 /* LaunchScreen.storyboard */ = {
			isa = PBXVariantGroup;
			children = (
				573313672B73215C00092647 /* Base */,
			);
			name = LaunchScreen.storyboard;
			sourceTree = "<group>";
		};
/* End PBXVariantGroup section */

/* Begin XCBuildConfiguration section */
		5733136A2B73215C00092647 /* Debug */ = {
			isa = XCBuildConfiguration;
			buildSettings = {
				ALWAYS_SEARCH_USER_PATHS = NO;
				CLANG_ANALYZER_NONNULL = YES;
				CLANG_ANALYZER_NUMBER_OBJECT_CONVERSION = YES_AGGRESSIVE;
				CLANG_CXX_LANGUAGE_STANDARD = "gnu++20";
				CLANG_ENABLE_MODULES = YES;
				CLANG_ENABLE_OBJC_ARC = YES;
				CLANG_ENABLE_OBJC_WEAK = YES;
				CLANG_WARN_BLOCK_CAPTURE_AUTORELEASING = YES;
				CLANG_WARN_BOOL_CONVERSION = YES;
				CLANG_WARN_COMMA = YES;
				CLANG_WARN_CONSTANT_CONVERSION = YES;
				CLANG_WARN_DEPRECATED_OBJC_IMPLEMENTATIONS = YES;
				CLANG_WARN_DIRECT_OBJC_ISA_USAGE = YES_ERROR;
				CLANG_WARN_DOCUMENTATION_COMMENTS = YES;
				CLANG_WARN_EMPTY_BODY = YES;
				CLANG_WARN_ENUM_CONVERSION = YES;
				CLANG_WARN_INFINITE_RECURSION = YES;
				CLANG_WARN_INT_CONVERSION = YES;
				CLANG_WARN_NON_LITERAL_NULL_CONVERSION = YES;
				CLANG_WARN_OBJC_IMPLICIT_RETAIN_SELF = YES;
				CLANG_WARN_OBJC_LITERAL_CONVERSION = YES;
				CLANG_WARN_OBJC_ROOT_CLASS = YES_ERROR;
				CLANG_WARN_QUOTED_INCLUDE_IN_FRAMEWORK_HEADER = YES;
				CLANG_WARN_RANGE_LOOP_ANALYSIS = YES;
				CLANG_WARN_STRICT_PROTOTYPES = YES;
				CLANG_WARN_SUSPICIOUS_MOVE = YES;
				CLANG_WARN_UNGUARDED_AVAILABILITY = YES_AGGRESSIVE;
				CLANG_WARN_UNREACHABLE_CODE = YES;
				CLANG_WARN__DUPLICATE_METHOD_MATCH = YES;
				COPY_PHASE_STRIP = NO;
				DEBUG_INFORMATION_FORMAT = dwarf;
				ENABLE_STRICT_OBJC_MSGSEND = YES;
				ENABLE_TESTABILITY = YES;
				GCC_C_LANGUAGE_STANDARD = gnu11;
				GCC_DYNAMIC_NO_PIC = NO;
				GCC_NO_COMMON_BLOCKS = YES;
				GCC_OPTIMIZATION_LEVEL = 0;
				GCC_PREPROCESSOR_DEFINITIONS = (
					"DEBUG=1",
					"$(inherited)",
				);
				GCC_WARN_64_TO_32_BIT_CONVERSION = YES;
				GCC_WARN_ABOUT_RETURN_TYPE = YES_ERROR;
				GCC_WARN_UNDECLARED_SELECTOR = YES;
				GCC_WARN_UNINITIALIZED_AUTOS = YES_AGGRESSIVE;
				GCC_WARN_UNUSED_FUNCTION = YES;
				GCC_WARN_UNUSED_VARIABLE = YES;
				IPHONEOS_DEPLOYMENT_TARGET = 16.0;
				MTL_ENABLE_DEBUG_INFO = INCLUDE_SOURCE;
				MTL_FAST_MATH = YES;
				ONLY_ACTIVE_ARCH = YES;
				SDKROOT = iphoneos;
				SWIFT_ACTIVE_COMPILATION_CONDITIONS = DEBUG;
				SWIFT_OPTIMIZATION_LEVEL = "-Onone";
			};
			name = Debug;
		};
		5733136B2B73215C00092647 /* Release */ = {
			isa = XCBuildConfiguration;
			buildSettings = {
				ALWAYS_SEARCH_USER_PATHS = NO;
				CLANG_ANALYZER_NONNULL = YES;
				CLANG_ANALYZER_NUMBER_OBJECT_CONVERSION = YES_AGGRESSIVE;
				CLANG_CXX_LANGUAGE_STANDARD = "gnu++20";
				CLANG_ENABLE_MODULES = YES;
				CLANG_ENABLE_OBJC_ARC = YES;
				CLANG_ENABLE_OBJC_WEAK = YES;
				CLANG_WARN_BLOCK_CAPTURE_AUTORELEASING = YES;
				CLANG_WARN_BOOL_CONVERSION = YES;
				CLANG_WARN_COMMA = YES;
				CLANG_WARN_CONSTANT_CONVERSION = YES;
				CLANG_WARN_DEPRECATED_OBJC_IMPLEMENTATIONS = YES;
				CLANG_WARN_DIRECT_OBJC_ISA_USAGE = YES_ERROR;
				CLANG_WARN_DOCUMENTATION_COMMENTS = YES;
				CLANG_WARN_EMPTY_BODY = YES;
				CLANG_WARN_ENUM_CONVERSION = YES;
				CLANG_WARN_INFINITE_RECURSION = YES;
				CLANG_WARN_INT_CONVERSION = YES;
				CLANG_WARN_NON_LITERAL_NULL_CONVERSION = YES;
				CLANG_WARN_OBJC_IMPLICIT_RETAIN_SELF = YES;
				CLANG_WARN_OBJC_LITERAL_CONVERSION = YES;
				CLANG_WARN_OBJC_ROOT_CLASS = YES_ERROR;
				CLANG_WARN_QUOTED_INCLUDE_IN_FRAMEWORK_HEADER = YES;
				CLANG_WARN_RANGE_LOOP_ANALYSIS = YES;
				CLANG_WARN_STRICT_PROTOTYPES = YES;
				CLANG_WARN_SUSPICIOUS_MOVE = YES;
				CLANG_WARN_UNGUARDED_AVAILABILITY = YES_AGGRESSIVE;
				CLANG_WARN_UNREACHABLE_CODE = YES;
				CLANG_WARN__DUPLICATE_METHOD_MATCH = YES;
				COPY_PHASE_STRIP = NO;
				DEBUG_INFORMATION_FORMAT = "dwarf-with-dsym";
				ENABLE_NS_ASSERTIONS = NO;
				ENABLE_STRICT_OBJC_MSGSEND = YES;
				GCC_C_LANGUAGE_STANDARD = gnu11;
				GCC_NO_COMMON_BLOCKS = YES;
				GCC_WARN_64_TO_32_BIT_CONVERSION = YES;
				GCC_WARN_ABOUT_RETURN_TYPE = YES_ERROR;
				GCC_WARN_UNDECLARED_SELECTOR = YES;
				GCC_WARN_UNINITIALIZED_AUTOS = YES_AGGRESSIVE;
				GCC_WARN_UNUSED_FUNCTION = YES;
				GCC_WARN_UNUSED_VARIABLE = YES;
				IPHONEOS_DEPLOYMENT_TARGET = 16.0;
				MTL_ENABLE_DEBUG_INFO = NO;
				MTL_FAST_MATH = YES;
				SDKROOT = iphoneos;
				SWIFT_COMPILATION_MODE = wholemodule;
				SWIFT_OPTIMIZATION_LEVEL = "-O";
				VALIDATE_PRODUCT = YES;
			};
			name = Release;
		};
		5733136D2B73215C00092647 /* Debug */ = {
			isa = XCBuildConfiguration;
			buildSettings = {
				ASSETCATALOG_COMPILER_APPICON_NAME = AppIcon;
				ASSETCATALOG_COMPILER_GLOBAL_ACCENT_COLOR_NAME = AccentColor;
				CODE_SIGN_STYLE = Automatic;
				CURRENT_PROJECT_VERSION = 1;
				DEVELOPMENT_TEAM = YZT8MU55TB;
				GENERATE_INFOPLIST_FILE = YES;
				INFOPLIST_FILE = Recipes/Info.plist;
				INFOPLIST_KEY_UIApplicationSupportsIndirectInputEvents = YES;
				INFOPLIST_KEY_UILaunchStoryboardName = LaunchScreen;
				INFOPLIST_KEY_UIMainStoryboardFile = Main;
				INFOPLIST_KEY_UISupportedInterfaceOrientations_iPad = "UIInterfaceOrientationPortrait UIInterfaceOrientationPortraitUpsideDown UIInterfaceOrientationLandscapeLeft UIInterfaceOrientationLandscapeRight";
				INFOPLIST_KEY_UISupportedInterfaceOrientations_iPhone = "UIInterfaceOrientationPortrait UIInterfaceOrientationLandscapeLeft UIInterfaceOrientationLandscapeRight";
				IPHONEOS_DEPLOYMENT_TARGET = 16.0;
				LD_RUNPATH_SEARCH_PATHS = (
					"$(inherited)",
					"@executable_path/Frameworks",
				);
				MARKETING_VERSION = 1.0;
				PRODUCT_BUNDLE_IDENTIFIER = ru.vifinance.Recipes;
				PRODUCT_NAME = "$(TARGET_NAME)";
				SWIFT_EMIT_LOC_STRINGS = YES;
				SWIFT_VERSION = 5.0;
				TARGETED_DEVICE_FAMILY = "1,2";
			};
			name = Debug;
		};
		5733136E2B73215C00092647 /* Release */ = {
			isa = XCBuildConfiguration;
			buildSettings = {
				ASSETCATALOG_COMPILER_APPICON_NAME = AppIcon;
				ASSETCATALOG_COMPILER_GLOBAL_ACCENT_COLOR_NAME = AccentColor;
				CODE_SIGN_STYLE = Automatic;
				CURRENT_PROJECT_VERSION = 1;
				DEVELOPMENT_TEAM = YZT8MU55TB;
				GENERATE_INFOPLIST_FILE = YES;
				INFOPLIST_FILE = Recipes/Info.plist;
				INFOPLIST_KEY_UIApplicationSupportsIndirectInputEvents = YES;
				INFOPLIST_KEY_UILaunchStoryboardName = LaunchScreen;
				INFOPLIST_KEY_UIMainStoryboardFile = Main;
				INFOPLIST_KEY_UISupportedInterfaceOrientations_iPad = "UIInterfaceOrientationPortrait UIInterfaceOrientationPortraitUpsideDown UIInterfaceOrientationLandscapeLeft UIInterfaceOrientationLandscapeRight";
				INFOPLIST_KEY_UISupportedInterfaceOrientations_iPhone = "UIInterfaceOrientationPortrait UIInterfaceOrientationLandscapeLeft UIInterfaceOrientationLandscapeRight";
				IPHONEOS_DEPLOYMENT_TARGET = 16.0;
				LD_RUNPATH_SEARCH_PATHS = (
					"$(inherited)",
					"@executable_path/Frameworks",
				);
				MARKETING_VERSION = 1.0;
				PRODUCT_BUNDLE_IDENTIFIER = ru.vifinance.Recipes;
				PRODUCT_NAME = "$(TARGET_NAME)";
				SWIFT_EMIT_LOC_STRINGS = YES;
				SWIFT_VERSION = 5.0;
				TARGETED_DEVICE_FAMILY = "1,2";
			};
			name = Release;
		};
/* End XCBuildConfiguration section */

/* Begin XCConfigurationList section */
		573313532B73215B00092647 /* Build configuration list for PBXProject "Recipes" */ = {
			isa = XCConfigurationList;
			buildConfigurations = (
				5733136A2B73215C00092647 /* Debug */,
				5733136B2B73215C00092647 /* Release */,
			);
			defaultConfigurationIsVisible = 0;
			defaultConfigurationName = Release;
		};
		5733136C2B73215C00092647 /* Build configuration list for PBXNativeTarget "Recipes" */ = {
			isa = XCConfigurationList;
			buildConfigurations = (
				5733136D2B73215C00092647 /* Debug */,
				5733136E2B73215C00092647 /* Release */,
			);
			defaultConfigurationIsVisible = 0;
			defaultConfigurationName = Release;
		};
/* End XCConfigurationList section */
	};
	rootObject = 573313502B73215B00092647 /* Project object */;
}
